Microsoft Visual Studio Solution File, Format Version 12.00
# Visual Studio 2012
Project("{FAE04EC0-301F-11D3-BF4B-00C04F79EFBC}") = "nunu_the_cute_one", "nunu_the_cute_one.csproj", "{CA37FAB6-889A-4F87-9CCD-EE4B91829654}"
EndProject
Global
	GlobalSection(SolutionConfigurationPlatforms) = preSolution
	Debug|Any CPU = Debug|Any CPU
	Release|Any CPU = Release|Any CPU
	Tools|Any CPU = Tools|Any CPU
	EndGlobalSection
	GlobalSection(ProjectConfigurationPlatforms) = postSolution
		{CA37FAB6-889A-4F87-9CCD-EE4B91829654}.Debug|Any CPU.ActiveCfg = Debug|Any CPU
		{CA37FAB6-889A-4F87-9CCD-EE4B91829654}.Debug|Any CPU.Build.0 = Debug|Any CPU
		{CA37FAB6-889A-4F87-9CCD-EE4B91829654}.Release|Any CPU.ActiveCfg = Release|Any CPU
		{CA37FAB6-889A-4F87-9CCD-EE4B91829654}.Release|Any CPU.Build.0 = Release|Any CPU
		{CA37FAB6-889A-4F87-9CCD-EE4B91829654}.Tools|Any CPU.ActiveCfg = Tools|Any CPU
		{CA37FAB6-889A-4F87-9CCD-EE4B91829654}.Tools|Any CPU.Build.0 = Tools|Any CPU
	EndGlobalSection
EndGlobal
